// !$*UTF8*$!
{
	archiveVersion = 1;
	classes = {
	};
	objectVersion = 46;
	objects = {

/* Begin PBXBuildFile section */
		BE38BC1117EE53E500397F38 /* Cocoa.framework in Frameworks */ = {isa = PBXBuildFile; fileRef = BE38BC1017EE53E500397F38 /* Cocoa.framework */; };
		BE38BC1C17EE53E500397F38 /* InfoPlist.strings in Resources */ = {isa = PBXBuildFile; fileRef = BE38BC1A17EE53E500397F38 /* InfoPlist.strings */; };
		BE38BC1E17EE53E500397F38 /* main.m in Sources */ = {isa = PBXBuildFile; fileRef = BE38BC1D17EE53E500397F38 /* main.m */; };
		BE38BC2317EE53E500397F38 /* MainMenu.xib in Resources */ = {isa = PBXBuildFile; fileRef = BE38BC2117EE53E500397F38 /* MainMenu.xib */; };
		BE38BC2617EE53E500397F38 /* rb_main.rb in Resources */ = {isa = PBXBuildFile; fileRef = BE38BC2517EE53E500397F38 /* rb_main.rb */; };
		BE38BC2817EE53E500397F38 /* AppDelegate.rb in Resources */ = {isa = PBXBuildFile; fileRef = BE38BC2717EE53E500397F38 /* AppDelegate.rb */; };
		BE38BC3E17EFE3AC00397F38 /* MacRuby.framework in Frameworks */ = {isa = PBXBuildFile; fileRef = BE38BC3D17EFE3AC00397F38 /* MacRuby.framework */; };
		BE38C11117F24A8900EECBCB /* ShowFileIcon.png in Resources */ = {isa = PBXBuildFile; fileRef = BE38C11017F24A8900EECBCB /* ShowFileIcon.png */; };
		BE38C11417F27CEF00EECBCB /* CopyPathIcon.png in Resources */ = {isa = PBXBuildFile; fileRef = BE38C11217F27CEF00EECBCB /* CopyPathIcon.png */; };
		BE38C11F17F2B49300EECBCB /* Icon.icns in Resources */ = {isa = PBXBuildFile; fileRef = BE38C11E17F2B49300EECBCB /* Icon.icns */; };
		BE8B760317FE7E8700FE3563 /* Arrows-Left-round-icon.png in Resources */ = {isa = PBXBuildFile; fileRef = BE8B760117FE7E8700FE3563 /* Arrows-Left-round-icon.png */; };
		BE8B760417FE7E8700FE3563 /* Arrows-Right-round-icon.png in Resources */ = {isa = PBXBuildFile; fileRef = BE8B760217FE7E8700FE3563 /* Arrows-Right-round-icon.png */; };
		BED6F95518022258002692EF /* create catalog.png in Resources */ = {isa = PBXBuildFile; fileRef = BED6F95318022258002692EF /* create catalog.png */; };
		BED6F95618022258002692EF /* delete catalog.png in Resources */ = {isa = PBXBuildFile; fileRef = BED6F95418022258002692EF /* delete catalog.png */; };
		BED6F95818033FF1002692EF /* helpers.rb in Resources */ = {isa = PBXBuildFile; fileRef = BED6F95718033FF1002692EF /* helpers.rb */; };
/* End PBXBuildFile section */

/* Begin PBXContainerItemProxy section */
		BE38BC1517EE53E500397F38 /* PBXContainerItemProxy */ = {
			isa = PBXContainerItemProxy;
			containerPortal = BE38BC0517EE53E500397F38 /* Project object */;
			proxyType = 1;
			remoteGlobalIDString = BE38BC0C17EE53E500397F38;
			remoteInfo = "Drive Catalog";
		};
/* End PBXContainerItemProxy section */

/* Begin PBXFileReference section */
		BE38BC0D17EE53E500397F38 /* Drive Cat.app */ = {isa = PBXFileReference; explicitFileType = wrapper.application; includeInIndex = 0; path = "Drive Cat.app"; sourceTree = BUILT_PRODUCTS_DIR; };
		BE38BC1017EE53E500397F38 /* Cocoa.framework */ = {isa = PBXFileReference; lastKnownFileType = wrapper.framework; name = Cocoa.framework; path = System/Library/Frameworks/Cocoa.framework; sourceTree = SDKROOT; };
		BE38BC1917EE53E500397F38 /* Drive Catalog-Info.plist */ = {isa = PBXFileReference; lastKnownFileType = text.plist.xml; path = "Drive Catalog-Info.plist"; sourceTree = "<group>"; };
		BE38BC1B17EE53E500397F38 /* en */ = {isa = PBXFileReference; lastKnownFileType = text.plist.strings; name = en; path = en.lproj/InfoPlist.strings; sourceTree = "<group>"; };
		BE38BC1D17EE53E500397F38 /* main.m */ = {isa = PBXFileReference; lastKnownFileType = sourcecode.c.objc; path = main.m; sourceTree = "<group>"; };
		BE38BC1F17EE53E500397F38 /* Drive Catalog-Prefix.pch */ = {isa = PBXFileReference; lastKnownFileType = sourcecode.c.h; path = "Drive Catalog-Prefix.pch"; sourceTree = "<group>"; };
		BE38BC2217EE53E500397F38 /* en */ = {isa = PBXFileReference; lastKnownFileType = file.xib; name = en; path = en.lproj/MainMenu.xib; sourceTree = "<group>"; };
		BE38BC2517EE53E500397F38 /* rb_main.rb */ = {isa = PBXFileReference; lastKnownFileType = text.script.ruby; path = rb_main.rb; sourceTree = "<group>"; };
		BE38BC2717EE53E500397F38 /* AppDelegate.rb */ = {isa = PBXFileReference; lastKnownFileType = text.script.ruby; path = AppDelegate.rb; sourceTree = "<group>"; };
		BE38BC3D17EFE3AC00397F38 /* MacRuby.framework */ = {isa = PBXFileReference; lastKnownFileType = wrapper.framework; name = MacRuby.framework; path = ../../../../Library/Frameworks/MacRuby.framework; sourceTree = "<group>"; };
		BE38C11017F24A8900EECBCB /* ShowFileIcon.png */ = {isa = PBXFileReference; lastKnownFileType = image.png; path = ShowFileIcon.png; sourceTree = "<group>"; };
		BE38C11217F27CEF00EECBCB /* CopyPathIcon.png */ = {isa = PBXFileReference; lastKnownFileType = image.png; path = CopyPathIcon.png; sourceTree = "<group>"; };
		BE38C11E17F2B49300EECBCB /* Icon.icns */ = {isa = PBXFileReference; lastKnownFileType = image.icns; path = Icon.icns; sourceTree = "<group>"; };
		BE8B760117FE7E8700FE3563 /* Arrows-Left-round-icon.png */ = {isa = PBXFileReference; lastKnownFileType = image.png; path = "Arrows-Left-round-icon.png"; sourceTree = "<group>"; };
		BE8B760217FE7E8700FE3563 /* Arrows-Right-round-icon.png */ = {isa = PBXFileReference; lastKnownFileType = image.png; path = "Arrows-Right-round-icon.png"; sourceTree = "<group>"; };
		BED6F95318022258002692EF /* create catalog.png */ = {isa = PBXFileReference; lastKnownFileType = image.png; path = "create catalog.png"; sourceTree = "<group>"; };
		BED6F95418022258002692EF /* delete catalog.png */ = {isa = PBXFileReference; lastKnownFileType = image.png; path = "delete catalog.png"; sourceTree = "<group>"; };
		BED6F95718033FF1002692EF /* helpers.rb */ = {isa = PBXFileReference; fileEncoding = 4; lastKnownFileType = text.script.ruby; path = helpers.rb; sourceTree = "<group>"; };
/* End PBXFileReference section */

/* Begin PBXFrameworksBuildPhase section */
		BE38BC0A17EE53E500397F38 /* Frameworks */ = {
			isa = PBXFrameworksBuildPhase;
			buildActionMask = 2147483647;
			files = (
				BE38BC1117EE53E500397F38 /* Cocoa.framework in Frameworks */,
				BE38BC3E17EFE3AC00397F38 /* MacRuby.framework in Frameworks */,
			);
			runOnlyForDeploymentPostprocessing = 0;
		};
/* End PBXFrameworksBuildPhase section */

/* Begin PBXGroup section */
		BE38BC0417EE53E500397F38 = {
			isa = PBXGroup;
			children = (
				BE38C11E17F2B49300EECBCB /* Icon.icns */,
				BE38BC1717EE53E500397F38 /* Drive Catalog */,
				BE38BC0F17EE53E500397F38 /* Frameworks */,
				BE38BC0E17EE53E500397F38 /* Products */,
			);
			sourceTree = "<group>";
		};
		BE38BC0E17EE53E500397F38 /* Products */ = {
			isa = PBXGroup;
			children = (
				BE38BC0D17EE53E500397F38 /* Drive Cat.app */,
			);
			name = Products;
			sourceTree = "<group>";
		};
		BE38BC0F17EE53E500397F38 /* Frameworks */ = {
			isa = PBXGroup;
			children = (
				BE38BC3D17EFE3AC00397F38 /* MacRuby.framework */,
				BE38BC1017EE53E500397F38 /* Cocoa.framework */,
			);
			name = Frameworks;
			sourceTree = "<group>";
		};
		BE38BC1717EE53E500397F38 /* Drive Catalog */ = {
			isa = PBXGroup;
			children = (
				BE38BC2717EE53E500397F38 /* AppDelegate.rb */,
				BE38BC2017EE53E500397F38 /* Resources */,
				BE38BC2417EE53E500397F38 /* Other Sources */,
				BE38BC1817EE53E500397F38 /* Supporting Files */,
			);
			path = "Drive Catalog";
			sourceTree = "<group>";
		};
		BE38BC1817EE53E500397F38 /* Supporting Files */ = {
			isa = PBXGroup;
			children = (
				BE38BC1917EE53E500397F38 /* Drive Catalog-Info.plist */,
				BE38BC1A17EE53E500397F38 /* InfoPlist.strings */,
				BE38BC1D17EE53E500397F38 /* main.m */,
				BE38BC1F17EE53E500397F38 /* Drive Catalog-Prefix.pch */,
			);
			name = "Supporting Files";
			sourceTree = "<group>";
		};
		BE38BC2017EE53E500397F38 /* Resources */ = {
			isa = PBXGroup;
			children = (
				BED6F95218022234002692EF /* images */,
				BE38BC2117EE53E500397F38 /* MainMenu.xib */,
				BED6F95718033FF1002692EF /* helpers.rb */,
			);
			name = Resources;
			sourceTree = "<group>";
		};
		BE38BC2417EE53E500397F38 /* Other Sources */ = {
			isa = PBXGroup;
			children = (
				BE38BC2517EE53E500397F38 /* rb_main.rb */,
			);
			name = "Other Sources";
			sourceTree = "<group>";
		};
		BED6F95218022234002692EF /* images */ = {
			isa = PBXGroup;
			children = (
				BED6F95318022258002692EF /* create catalog.png */,
				BED6F95418022258002692EF /* delete catalog.png */,
				BE38C11217F27CEF00EECBCB /* CopyPathIcon.png */,
				BE38C11017F24A8900EECBCB /* ShowFileIcon.png */,
				BE8B760117FE7E8700FE3563 /* Arrows-Left-round-icon.png */,
				BE8B760217FE7E8700FE3563 /* Arrows-Right-round-icon.png */,
			);
			name = images;
			sourceTree = "<group>";
		};
/* End PBXGroup section */

/* Begin PBXLegacyTarget section */
		BE38BC1417EE53E500397F38 /* Deployment */ = {
			isa = PBXLegacyTarget;
			buildArgumentsString = "--compile --embed --gem sqlite3 --gem sequel";
			buildConfigurationList = BE38BC2E17EE53E500397F38 /* Build configuration list for PBXLegacyTarget "Deployment" */;
			buildPhases = (
			);
			buildToolPath = /usr/local/bin/macruby_deploy;
			buildWorkingDirectory = "";
			dependencies = (
				BE38BC1617EE53E500397F38 /* PBXTargetDependency */,
			);
			name = Deployment;
			passBuildSettingsInEnvironment = 1;
			productName = Deployment;
		};
/* End PBXLegacyTarget section */

/* Begin PBXNativeTarget section */
		BE38BC0C17EE53E500397F38 /* Drive Cat */ = {
			isa = PBXNativeTarget;
			buildConfigurationList = BE38BC2B17EE53E500397F38 /* Build configuration list for PBXNativeTarget "Drive Cat" */;
			buildPhases = (
				BE38BC0917EE53E500397F38 /* Sources */,
				BE38BC0A17EE53E500397F38 /* Frameworks */,
				BE38BC0B17EE53E500397F38 /* Resources */,
			);
			buildRules = (
			);
			dependencies = (
			);
			name = "Drive Cat";
			productName = "Drive Catalog";
			productReference = BE38BC0D17EE53E500397F38 /* Drive Cat.app */;
			productType = "com.apple.product-type.application";
		};
/* End PBXNativeTarget section */

/* Begin PBXProject section */
		BE38BC0517EE53E500397F38 /* Project object */ = {
			isa = PBXProject;
			attributes = {
				LastUpgradeCheck = 0460;
				ORGANIZATIONNAME = "Pierce Corcoran";
			};
			buildConfigurationList = BE38BC0817EE53E500397F38 /* Build configuration list for PBXProject "Drive Catalog" */;
			compatibilityVersion = "Xcode 3.2";
			developmentRegion = English;
			hasScannedForEncodings = 0;
			knownRegions = (
				en,
			);
			mainGroup = BE38BC0417EE53E500397F38;
			productRefGroup = BE38BC0E17EE53E500397F38 /* Products */;
			projectDirPath = "";
			projectRoot = "";
			targets = (
				BE38BC0C17EE53E500397F38 /* Drive Cat */,
				BE38BC1417EE53E500397F38 /* Deployment */,
			);
		};
/* End PBXProject section */

/* Begin PBXResourcesBuildPhase section */
		BE38BC0B17EE53E500397F38 /* Resources */ = {
			isa = PBXResourcesBuildPhase;
			buildActionMask = 2147483647;
			files = (
				BED6F95618022258002692EF /* delete catalog.png in Resources */,
				BE38BC1C17EE53E500397F38 /* InfoPlist.strings in Resources */,
				BE38BC2317EE53E500397F38 /* MainMenu.xib in Resources */,
				BE38BC2617EE53E500397F38 /* rb_main.rb in Resources */,
				BE8B760417FE7E8700FE3563 /* Arrows-Right-round-icon.png in Resources */,
				BE38BC2817EE53E500397F38 /* AppDelegate.rb in Resources */,
				BE38C11117F24A8900EECBCB /* ShowFileIcon.png in Resources */,
				BE38C11417F27CEF00EECBCB /* CopyPathIcon.png in Resources */,
				BE8B760317FE7E8700FE3563 /* Arrows-Left-round-icon.png in Resources */,
				BED6F95518022258002692EF /* create catalog.png in Resources */,
				BE38C11F17F2B49300EECBCB /* Icon.icns in Resources */,
				BED6F95818033FF1002692EF /* helpers.rb in Resources */,
			);
			runOnlyForDeploymentPostprocessing = 0;
		};
/* End PBXResourcesBuildPhase section */

/* Begin PBXSourcesBuildPhase section */
		BE38BC0917EE53E500397F38 /* Sources */ = {
			isa = PBXSourcesBuildPhase;
			buildActionMask = 2147483647;
			files = (
				BE38BC1E17EE53E500397F38 /* main.m in Sources */,
			);
			runOnlyForDeploymentPostprocessing = 0;
		};
/* End PBXSourcesBuildPhase section */

/* Begin PBXTargetDependency section */
		BE38BC1617EE53E500397F38 /* PBXTargetDependency */ = {
			isa = PBXTargetDependency;
			target = BE38BC0C17EE53E500397F38 /* Drive Cat */;
			targetProxy = BE38BC1517EE53E500397F38 /* PBXContainerItemProxy */;
		};
/* End PBXTargetDependency section */

/* Begin PBXVariantGroup section */
		BE38BC1A17EE53E500397F38 /* InfoPlist.strings */ = {
			isa = PBXVariantGroup;
			children = (
				BE38BC1B17EE53E500397F38 /* en */,
			);
			name = InfoPlist.strings;
			sourceTree = "<group>";
		};
		BE38BC2117EE53E500397F38 /* MainMenu.xib */ = {
			isa = PBXVariantGroup;
			children = (
				BE38BC2217EE53E500397F38 /* en */,
			);
			name = MainMenu.xib;
			sourceTree = "<group>";
		};
/* End PBXVariantGroup section */

/* Begin XCBuildConfiguration section */
		BE38BC2917EE53E500397F38 /* Debug */ = {
			isa = XCBuildConfiguration;
			buildSettings = {
				ALWAYS_SEARCH_USER_PATHS = NO;
				ARCHS = "$(ARCHS_STANDARD_64_BIT)";
				CLANG_CXX_LANGUAGE_STANDARD = "gnu++0x";
				CLANG_CXX_LIBRARY = "libc++";
				CLANG_WARN_CONSTANT_CONVERSION = YES;
				CLANG_WARN_EMPTY_BODY = YES;
				CLANG_WARN_ENUM_CONVERSION = YES;
				CLANG_WARN_INT_CONVERSION = YES;
				CLANG_WARN__DUPLICATE_METHOD_MATCH = YES;
				COPY_PHASE_STRIP = NO;
				GCC_C_LANGUAGE_STANDARD = gnu99;
				GCC_DYNAMIC_NO_PIC = NO;
				GCC_ENABLE_OBJC_EXCEPTIONS = YES;
				GCC_OPTIMIZATION_LEVEL = 0;
				GCC_PREPROCESSOR_DEFINITIONS = (
					"DEBUG=1",
					"$(inherited)",
				);
				GCC_SYMBOLS_PRIVATE_EXTERN = NO;
				GCC_WARN_64_TO_32_BIT_CONVERSION = YES;
				GCC_WARN_ABOUT_RETURN_TYPE = YES;
				GCC_WARN_UNINITIALIZED_AUTOS = YES;
				GCC_WARN_UNUSED_VARIABLE = YES;
				MACOSX_DEPLOYMENT_TARGET = 10.8;
				ONLY_ACTIVE_ARCH = YES;
				SDKROOT = macosx;
			};
			name = Debug;
		};
		BE38BC2A17EE53E500397F38 /* Release */ = {
			isa = XCBuildConfiguration;
			buildSettings = {
				ALWAYS_SEARCH_USER_PATHS = NO;
				ARCHS = "$(ARCHS_STANDARD_64_BIT)";
				CLANG_CXX_LANGUAGE_STANDARD = "gnu++0x";
				CLANG_CXX_LIBRARY = "libc++";
				CLANG_WARN_CONSTANT_CONVERSION = YES;
				CLANG_WARN_EMPTY_BODY = YES;
				CLANG_WARN_ENUM_CONVERSION = YES;
				CLANG_WARN_INT_CONVERSION = YES;
				CLANG_WARN__DUPLICATE_METHOD_MATCH = YES;
				COPY_PHASE_STRIP = YES;
				DEBUG_INFORMATION_FORMAT = "dwarf-with-dsym";
				GCC_C_LANGUAGE_STANDARD = gnu99;
				GCC_ENABLE_OBJC_EXCEPTIONS = YES;
				GCC_WARN_64_TO_32_BIT_CONVERSION = YES;
				GCC_WARN_ABOUT_RETURN_TYPE = YES;
				GCC_WARN_UNINITIALIZED_AUTOS = YES;
				GCC_WARN_UNUSED_VARIABLE = YES;
				MACOSX_DEPLOYMENT_TARGET = 10.8;
				SDKROOT = macosx;
			};
			name = Release;
		};
		BE38BC2C17EE53E500397F38 /* Debug */ = {
			isa = XCBuildConfiguration;
			buildSettings = {
				ARCHS = x86_64;
				FRAMEWORK_SEARCH_PATHS = (
					"$(inherited)",
					"\"$(SYSTEM_APPS_DIR)/Xcode.app/Contents/Developer/Library/Frameworks\"",
					/Library/Frameworks,
				);
				GCC_ENABLE_OBJC_GC = required;
				GCC_PRECOMPILE_PREFIX_HEADER = YES;
				GCC_PREFIX_HEADER = "Drive Catalog/Drive Catalog-Prefix.pch";
				INFOPLIST_FILE = "Drive Catalog/Drive Catalog-Info.plist";
				PRODUCT_NAME = "$(TARGET_NAME)";
				WRAPPER_EXTENSION = app;
			};
			name = Debug;
		};
		BE38BC2D17EE53E500397F38 /* Release */ = {
			isa = XCBuildConfiguration;
			buildSettings = {
				ARCHS = x86_64;
				FRAMEWORK_SEARCH_PATHS = (
					"$(inherited)",
					"\"$(SYSTEM_APPS_DIR)/Xcode.app/Contents/Developer/Library/Frameworks\"",
					/Library/Frameworks,
				);
				GCC_ENABLE_OBJC_GC = required;
				GCC_PRECOMPILE_PREFIX_HEADER = YES;
				GCC_PREFIX_HEADER = "Drive Catalog/Drive Catalog-Prefix.pch";
				INFOPLIST_FILE = "Drive Catalog/Drive Catalog-Info.plist";
				PRODUCT_NAME = "$(TARGET_NAME)";
				WRAPPER_EXTENSION = app;
			};
			name = Release;
		};
		BE38BC2F17EE53E500397F38 /* Debug */ = {
			isa = XCBuildConfiguration;
			buildSettings = {
			};
			name = Debug;
		};
		BE38BC3017EE53E500397F38 /* Release */ = {
			isa = XCBuildConfiguration;
			buildSettings = {
			};
			name = Release;
		};
/* End XCBuildConfiguration section */

/* Begin XCConfigurationList section */
		BE38BC0817EE53E500397F38 /* Build configuration list for PBXProject "Drive Catalog" */ = {
			isa = XCConfigurationList;
			buildConfigurations = (
				BE38BC2917EE53E500397F38 /* Debug */,
				BE38BC2A17EE53E500397F38 /* Release */,
			);
			defaultConfigurationIsVisible = 0;
			defaultConfigurationName = Release;
		};
		BE38BC2B17EE53E500397F38 /* Build configuration list for PBXNativeTarget "Drive Cat" */ = {
			isa = XCConfigurationList;
			buildConfigurations = (
				BE38BC2C17EE53E500397F38 /* Debug */,
				BE38BC2D17EE53E500397F38 /* Release */,
			);
			defaultConfigurationIsVisible = 0;
			defaultConfigurationName = Release;
		};
		BE38BC2E17EE53E500397F38 /* Build configuration list for PBXLegacyTarget "Deployment" */ = {
			isa = XCConfigurationList;
			buildConfigurations = (
				BE38BC2F17EE53E500397F38 /* Debug */,
				BE38BC3017EE53E500397F38 /* Release */,
			);
			defaultConfigurationIsVisible = 0;
			defaultConfigurationName = Release;
		};
/* End XCConfigurationList section */
	};
	rootObject = BE38BC0517EE53E500397F38 /* Project object */;
}
